
Microsoft Visual Studio Solution File, Format Version 12.00
# Visual Studio Version 17
VisualStudioVersion = 17.11.35327.3
MinimumVisualStudioVersion = 10.0.40219.1
Project("{FAE04EC0-301F-11D3-BF4B-00C04F79EFBC}") = "QQGroupToolkit", "QQGroupToolkit.csproj", "{0265E189-6512-4630-BB76-F47FAF5647A4}"
EndProject
Global
	GlobalSection(SolutionConfigurationPlatforms) = preSolution
		Debug|Any CPU = Debug|Any CPU
		Release|Any CPU = Release|Any CPU
	EndGlobalSection
	GlobalSection(ProjectConfigurationPlatforms) = postSolution
		{0265E189-6512-4630-BB76-F47FAF5647A4}.Debug|Any CPU.ActiveCfg = Debug|Any CPU
		{0265E189-6512-4630-BB76-F47FAF5647A4}.Debug|Any CPU.Build.0 = Debug|Any CPU
		{0265E189-6512-4630-BB76-F47FAF5647A4}.Release|Any CPU.ActiveCfg = Release|Any CPU
		{0265E189-6512-4630-BB76-F47FAF5647A4}.Release|Any CPU.Build.0 = Release|Any CPU
	EndGlobalSection
	GlobalSection(SolutionProperties) = preSolution
		HideSolutionNode = FALSE
	EndGlobalSection
	GlobalSection(ExtensibilityGlobals) = postSolution
		SolutionGuid = {98907BC5-8621-479E-BEF5-379BC3218339}
	EndGlobalSection
EndGlobal
